
Microsoft Visual Studio Solution File, Format Version 12.00
# Visual Studio Version 16
VisualStudioVersion = 16.0.30907.101
MinimumVisualStudioVersion = 10.0.40219.1
Project("{FAE04EC0-301F-11D3-BF4B-00C04F79EFBC}") = "ClassMetodDemo", "ClassMetodDemo\ClassMetodDemo.csproj", "{AA0CB5D8-5850-4A34-926B-E2BC120D4BC5}"
EndProject
Global
	GlobalSection(SolutionConfigurationPlatforms) = preSolution
		Debug|Any CPU = Debug|Any CPU
		Release|Any CPU = Release|Any CPU
	EndGlobalSection
	GlobalSection(ProjectConfigurationPlatforms) = postSolution
		{AA0CB5D8-5850-4A34-926B-E2BC120D4BC5}.Debug|Any CPU.ActiveCfg = Debug|Any CPU
		{AA0CB5D8-5850-4A34-926B-E2BC120D4BC5}.Debug|Any CPU.Build.0 = Debug|Any CPU
		{AA0CB5D8-5850-4A34-926B-E2BC120D4BC5}.Release|Any CPU.ActiveCfg = Release|Any CPU
		{AA0CB5D8-5850-4A34-926B-E2BC120D4BC5}.Release|Any CPU.Build.0 = Release|Any CPU
	EndGlobalSection
	GlobalSection(SolutionProperties) = preSolution
		HideSolutionNode = FALSE
	EndGlobalSection
	GlobalSection(ExtensibilityGlobals) = postSolution
		SolutionGuid = {C56EE4C6-97E3-46D3-84A0-E2DDBDD1670A}
	EndGlobalSection
EndGlobal
